github.com/dvcrn/pocketsmith-go v0.0.0-20241205081818-6194083a6891 h1:9rjzqd9F/FoA+pi3wIL6u6XDzZ1B0Sxf4GZCKsXSyEI=
github.com/dvcrn/pocketsmith-go v0.0.0-20241205081818-6194083a6891/go.mod h1:rRx2gtJK+78Po3CCQzaZzfb7rcNSxhq4r3xz7Cj9U8M=
github.com/dvcrn/pocketsmith-go v0.0.0-20241213060714-89b97a49580f h1:Trmx/7H3wLC//GHg7CmdZ29UZ0msNe8xuhpYeLJzJKs=
github.com/dvcrn/pocketsmith-go v0.0.0-20241213060714-89b97a49580f/go.mod h1:rRx2gtJK+78Po3CCQzaZzfb7rcNSxhq4r3xz7Cj9U8M=
